
Microsoft Visual Studio Solution File, Format Version 12.00
# Visual Studio 14
VisualStudioVersion = 14.0.24720.0
MinimumVisualStudioVersion = 10.0.40219.1
Project("{FAE04EC0-301F-11D3-BF4B-00C04F79EFBC}") = "Kalimat.Droid", "Kalimat\Kalimat.Droid\Kalimat.Droid.csproj", "{E634C2EB-74E4-4FF1-B9AF-514331E3150D}"
EndProject
Project("{FAE04EC0-301F-11D3-BF4B-00C04F79EFBC}") = "Kalimat.iOS", "Kalimat\Kalimat.iOS\Kalimat.iOS.csproj", "{AA856631-B884-4D92-9228-221EC5B307EF}"
EndProject
Project("{D954291E-2A0B-460D-934E-DC6B0785DB48}") = "Kalimat", "Kalimat\Kalimat\Kalimat.shproj", "{CB3BEE82-B56D-4499-8B6F-ABD0D627B8A0}"
EndProject
Global
	GlobalSection(SharedMSBuildProjectFiles) = preSolution
		Kalimat\Kalimat\Kalimat.projitems*{e634c2eb-74e4-4ff1-b9af-514331e3150d}*SharedItemsImports = 4
		Kalimat\Kalimat\Kalimat.projitems*{cb3bee82-b56d-4499-8b6f-abd0d627b8a0}*SharedItemsImports = 13
		Kalimat\Kalimat\Kalimat.projitems*{aa856631-b884-4d92-9228-221ec5b307ef}*SharedItemsImports = 4
	EndGlobalSection
	GlobalSection(SolutionConfigurationPlatforms) = preSolution
		AppStore|Any CPU = AppStore|Any CPU
		AppStore|iPhone = AppStore|iPhone
		AppStore|iPhoneSimulator = AppStore|iPhoneSimulator
		Debug|Any CPU = Debug|Any CPU
		Debug|iPhone = Debug|iPhone
		Debug|iPhoneSimulator = Debug|iPhoneSimulator
		Release|Any CPU = Release|Any CPU
		Release|iPhone = Release|iPhone
		Release|iPhoneSimulator = Release|iPhoneSimulator
	EndGlobalSection
	GlobalSection(ProjectConfigurationPlatforms) = postSolution
		{E634C2EB-74E4-4FF1-B9AF-514331E3150D}.AppStore|Any CPU.ActiveCfg = Release|Any CPU
		{E634C2EB-74E4-4FF1-B9AF-514331E3150D}.AppStore|Any CPU.Build.0 = Release|Any CPU
		{E634C2EB-74E4-4FF1-B9AF-514331E3150D}.AppStore|Any CPU.Deploy.0 = Release|Any CPU
		{E634C2EB-74E4-4FF1-B9AF-514331E3150D}.AppStore|iPhone.ActiveCfg = Release|Any CPU
		{E634C2EB-74E4-4FF1-B9AF-514331E3150D}.AppStore|iPhone.Build.0 = Release|Any CPU
		{E634C2EB-74E4-4FF1-B9AF-514331E3150D}.AppStore|iPhone.Deploy.0 = Release|Any CPU
		{E634C2EB-74E4-4FF1-B9AF-514331E3150D}.AppStore|iPhoneSimulator.ActiveCfg = Release|Any CPU
		{E634C2EB-74E4-4FF1-B9AF-514331E3150D}.AppStore|iPhoneSimulator.Build.0 = Release|Any CPU
		{E634C2EB-74E4-4FF1-B9AF-514331E3150D}.AppStore|iPhoneSimulator.Deploy.0 = Release|Any CPU
		{E634C2EB-74E4-4FF1-B9AF-514331E3150D}.Debug|Any CPU.ActiveCfg = Debug|Any CPU
		{E634C2EB-74E4-4FF1-B9AF-514331E3150D}.Debug|Any CPU.Build.0 = Debug|Any CPU
		{E634C2EB-74E4-4FF1-B9AF-514331E3150D}.Debug|Any CPU.Deploy.0 = Debug|Any CPU
		{E634C2EB-74E4-4FF1-B9AF-514331E3150D}.Debug|iPhone.ActiveCfg = Debug|Any CPU
		{E634C2EB-74E4-4FF1-B9AF-514331E3150D}.Debug|iPhone.Build.0 = Debug|Any CPU
		{E634C2EB-74E4-4FF1-B9AF-514331E3150D}.Debug|iPhone.Deploy.0 = Debug|Any CPU
		{E634C2EB-74E4-4FF1-B9AF-514331E3150D}.Debug|iPhoneSimulator.ActiveCfg = Debug|Any CPU
		{E634C2EB-74E4-4FF1-B9AF-514331E3150D}.Debug|iPhoneSimulator.Build.0 = Debug|Any CPU
		{E634C2EB-74E4-4FF1-B9AF-514331E3150D}.Debug|iPhoneSimulator.Deploy.0 = Debug|Any CPU
		{E634C2EB-74E4-4FF1-B9AF-514331E3150D}.Release|Any CPU.ActiveCfg = Release|Any CPU
		{E634C2EB-74E4-4FF1-B9AF-514331E3150D}.Release|Any CPU.Build.0 = Release|Any CPU
		{E634C2EB-74E4-4FF1-B9AF-514331E3150D}.Release|Any CPU.Deploy.0 = Release|Any CPU
		{E634C2EB-74E4-4FF1-B9AF-514331E3150D}.Release|iPhone.ActiveCfg = Release|Any CPU
		{E634C2EB-74E4-4FF1-B9AF-514331E3150D}.Release|iPhone.Build.0 = Release|Any CPU
		{E634C2EB-74E4-4FF1-B9AF-514331E3150D}.Release|iPhone.Deploy.0 = Release|Any CPU
		{E634C2EB-74E4-4FF1-B9AF-514331E3150D}.Release|iPhoneSimulator.ActiveCfg = Release|Any CPU
		{E634C2EB-74E4-4FF1-B9AF-514331E3150D}.Release|iPhoneSimulator.Build.0 = Release|Any CPU
		{E634C2EB-74E4-4FF1-B9AF-514331E3150D}.Release|iPhoneSimulator.Deploy.0 = Release|Any CPU
		{AA856631-B884-4D92-9228-221EC5B307EF}.AppStore|Any CPU.ActiveCfg = AppStore|iPhone
		{AA856631-B884-4D92-9228-221EC5B307EF}.AppStore|iPhone.ActiveCfg = AppStore|iPhone
		{AA856631-B884-4D92-9228-221EC5B307EF}.AppStore|iPhone.Build.0 = AppStore|iPhone
		{AA856631-B884-4D92-9228-221EC5B307EF}.AppStore|iPhoneSimulator.ActiveCfg = AppStore|iPhoneSimulator
		{AA856631-B884-4D92-9228-221EC5B307EF}.AppStore|iPhoneSimulator.Build.0 = AppStore|iPhoneSimulator
		{AA856631-B884-4D92-9228-221EC5B307EF}.Debug|Any CPU.ActiveCfg = Debug|iPhone
		{AA856631-B884-4D92-9228-221EC5B307EF}.Debug|iPhone.ActiveCfg = Debug|iPhone
		{AA856631-B884-4D92-9228-221EC5B307EF}.Debug|iPhone.Build.0 = Debug|iPhone
		{AA856631-B884-4D92-9228-221EC5B307EF}.Debug|iPhoneSimulator.ActiveCfg = Debug|iPhoneSimulator
		{AA856631-B884-4D92-9228-221EC5B307EF}.Debug|iPhoneSimulator.Build.0 = Debug|iPhoneSimulator
		{AA856631-B884-4D92-9228-221EC5B307EF}.Release|Any CPU.ActiveCfg = Release|iPhone
		{AA856631-B884-4D92-9228-221EC5B307EF}.Release|iPhone.ActiveCfg = Release|iPhone
		{AA856631-B884-4D92-9228-221EC5B307EF}.Release|iPhone.Build.0 = Release|iPhone
		{AA856631-B884-4D92-9228-221EC5B307EF}.Release|iPhoneSimulator.ActiveCfg = Release|iPhoneSimulator
		{AA856631-B884-4D92-9228-221EC5B307EF}.Release|iPhoneSimulator.Build.0 = Release|iPhoneSimulator
	EndGlobalSection
	GlobalSection(SolutionProperties) = preSolution
		HideSolutionNode = FALSE
	EndGlobalSection
EndGlobal
